
Microsoft Visual Studio Solution File, Format Version 12.00
# Visual Studio Version 16
VisualStudioVersion = 16.0.30611.23
MinimumVisualStudioVersion = 10.0.40219.1
Project("{F2A71F9B-5D33-465A-A702-920D77279786}") = "FServer", "FServer\FServer.fsproj", "{39FA9085-5DF8-44A9-A3FD-93F4A436B9CE}"
EndProject
Global
	GlobalSection(SolutionConfigurationPlatforms) = preSolution
		Debug|Any CPU = Debug|Any CPU
		Release|Any CPU = Release|Any CPU
	EndGlobalSection
	GlobalSection(ProjectConfigurationPlatforms) = postSolution
		{39FA9085-5DF8-44A9-A3FD-93F4A436B9CE}.Debug|Any CPU.ActiveCfg = Debug|Any CPU
		{39FA9085-5DF8-44A9-A3FD-93F4A436B9CE}.Debug|Any CPU.Build.0 = Debug|Any CPU
		{39FA9085-5DF8-44A9-A3FD-93F4A436B9CE}.Release|Any CPU.ActiveCfg = Release|Any CPU
		{39FA9085-5DF8-44A9-A3FD-93F4A436B9CE}.Release|Any CPU.Build.0 = Release|Any CPU
	EndGlobalSection
	GlobalSection(SolutionProperties) = preSolution
		HideSolutionNode = FALSE
	EndGlobalSection
	GlobalSection(ExtensibilityGlobals) = postSolution
		SolutionGuid = {58C35659-DF14-4415-830A-CC96D6F69ADB}
	EndGlobalSection
EndGlobal
